
Microsoft Visual Studio Solution File, Format Version 12.00
# Visual Studio Version 17
VisualStudioVersion = 17.8.34322.80
MinimumVisualStudioVersion = 10.0.40219.1
Project("{9A19103F-16F7-4668-BE54-9A1E7A4F7556}") = "Exkyn.Send", "Src\Exkyn.Send\Exkyn.Send.csproj", "{50E4199E-08C5-4341-9080-0FB7DBD977D3}"
EndProject
Project("{FAE04EC0-301F-11D3-BF4B-00C04F79EFBC}") = "Exkyn.Send.Test", "Src\Exkyn.Send.Test\Exkyn.Send.Test.csproj", "{2D7AC32B-3004-4EA7-818A-8F5C3ABD0EDB}"
EndProject
Global
	GlobalSection(SolutionConfigurationPlatforms) = preSolution
		Debug|Any CPU = Debug|Any CPU
		Release|Any CPU = Release|Any CPU
	EndGlobalSection
	GlobalSection(ProjectConfigurationPlatforms) = postSolution
		{50E4199E-08C5-4341-9080-0FB7DBD977D3}.Debug|Any CPU.ActiveCfg = Debug|Any CPU
		{50E4199E-08C5-4341-9080-0FB7DBD977D3}.Debug|Any CPU.Build.0 = Debug|Any CPU
		{50E4199E-08C5-4341-9080-0FB7DBD977D3}.Release|Any CPU.ActiveCfg = Release|Any CPU
		{50E4199E-08C5-4341-9080-0FB7DBD977D3}.Release|Any CPU.Build.0 = Release|Any CPU
		{2D7AC32B-3004-4EA7-818A-8F5C3ABD0EDB}.Debug|Any CPU.ActiveCfg = Debug|Any CPU
		{2D7AC32B-3004-4EA7-818A-8F5C3ABD0EDB}.Debug|Any CPU.Build.0 = Debug|Any CPU
		{2D7AC32B-3004-4EA7-818A-8F5C3ABD0EDB}.Release|Any CPU.ActiveCfg = Release|Any CPU
		{2D7AC32B-3004-4EA7-818A-8F5C3ABD0EDB}.Release|Any CPU.Build.0 = Release|Any CPU
	EndGlobalSection
	GlobalSection(SolutionProperties) = preSolution
		HideSolutionNode = FALSE
	EndGlobalSection
	GlobalSection(ExtensibilityGlobals) = postSolution
		SolutionGuid = {E3347CF5-744A-47AF-A236-F9A715CB6626}
	EndGlobalSection
EndGlobal
